
Microsoft Visual Studio Solution File, Format Version 12.00
# Visual Studio Version 17
VisualStudioVersion = 17.5.002.0
MinimumVisualStudioVersion = 10.0.40219.1
Project("{9A19103F-16F7-4668-BE54-9A1E7A4F7556}") = "LibraryManagement", "LibraryManagement.csproj", "{A27DB47C-DC26-4D3F-838D-93F12AD46D71}"
EndProject
Global
	GlobalSection(SolutionConfigurationPlatforms) = preSolution
		Debug|Any CPU = Debug|Any CPU
		Release|Any CPU = Release|Any CPU
	EndGlobalSection
	GlobalSection(ProjectConfigurationPlatforms) = postSolution
		{A27DB47C-DC26-4D3F-838D-93F12AD46D71}.Debug|Any CPU.ActiveCfg = Debug|Any CPU
		{A27DB47C-DC26-4D3F-838D-93F12AD46D71}.Debug|Any CPU.Build.0 = Debug|Any CPU
		{A27DB47C-DC26-4D3F-838D-93F12AD46D71}.Release|Any CPU.ActiveCfg = Release|Any CPU
		{A27DB47C-DC26-4D3F-838D-93F12AD46D71}.Release|Any CPU.Build.0 = Release|Any CPU
	EndGlobalSection
	GlobalSection(SolutionProperties) = preSolution
		HideSolutionNode = FALSE
	EndGlobalSection
	GlobalSection(ExtensibilityGlobals) = postSolution
		SolutionGuid = {C23FCD0B-0197-4ADF-A1BA-31ABC51231B7}
	EndGlobalSection
EndGlobal
